// !$*UTF8*$!
{
	archiveVersion = 1;
	classes = {
	};
	objectVersion = 50;
	objects = {

/* Begin PBXBuildFile section */
		3A6D70BE252615AD00E291C3 /* AppDelegate.swift in Sources */ = {isa = PBXBuildFile; fileRef = 3A6D70BD252615AD00E291C3 /* AppDelegate.swift */; };
		3A6D70C0252615AD00E291C3 /* SceneDelegate.swift in Sources */ = {isa = PBXBuildFile; fileRef = 3A6D70BF252615AD00E291C3 /* SceneDelegate.swift */; };
		3A6D70C5252615AD00E291C3 /* Main.storyboard in Resources */ = {isa = PBXBuildFile; fileRef = 3A6D70C3252615AD00E291C3 /* Main.storyboard */; };
		3A6D70C8252615AD00E291C3 /* MAD157Module7TableViewExercisesKarenM.xcdatamodeld in Sources */ = {isa = PBXBuildFile; fileRef = 3A6D70C6252615AD00E291C3 /* MAD157Module7TableViewExercisesKarenM.xcdatamodeld */; };
		3A6D70CA252615B200E291C3 /* Assets.xcassets in Resources */ = {isa = PBXBuildFile; fileRef = 3A6D70C9252615B200E291C3 /* Assets.xcassets */; };
		3A6D70CD252615B200E291C3 /* LaunchScreen.storyboard in Resources */ = {isa = PBXBuildFile; fileRef = 3A6D70CB252615B200E291C3 /* LaunchScreen.storyboard */; };
		3A6D70D72526AA8100E291C3 /* TableViewController.swift in Sources */ = {isa = PBXBuildFile; fileRef = 3A6D70D62526AA8100E291C3 /* TableViewController.swift */; };
/* End PBXBuildFile section */

/* Begin PBXFileReference section */
		3A6D70BA252615AD00E291C3 /* MAD157Module7TableViewExercisesKarenM.app */ = {isa = PBXFileReference; explicitFileType = wrapper.application; includeInIndex = 0; path = MAD157Module7TableViewExercisesKarenM.app; sourceTree = BUILT_PRODUCTS_DIR; };
		3A6D70BD252615AD00E291C3 /* AppDelegate.swift */ = {isa = PBXFileReference; lastKnownFileType = sourcecode.swift; path = AppDelegate.swift; sourceTree = "<group>"; };
		3A6D70BF252615AD00E291C3 /* SceneDelegate.swift */ = {isa = PBXFileReference; lastKnownFileType = sourcecode.swift; path = SceneDelegate.swift; sourceTree = "<group>"; };
		3A6D70C4252615AD00E291C3 /* Base */ = {isa = PBXFileReference; lastKnownFileType = file.storyboard; name = Base; path = Base.lproj/Main.storyboard; sourceTree = "<group>"; };
		3A6D70C7252615AD00E291C3 /* MAD157Module7TableViewExercisesKarenM.xcdatamodel */ = {isa = PBXFileReference; lastKnownFileType = wrapper.xcdatamodel; path = MAD157Module7TableViewExercisesKarenM.xcdatamodel; sourceTree = "<group>"; };
		3A6D70C9252615B200E291C3 /* Assets.xcassets */ = {isa = PBXFileReference; lastKnownFileType = folder.assetcatalog; path = Assets.xcassets; sourceTree = "<group>"; };
		3A6D70CC252615B200E291C3 /* Base */ = {isa = PBXFileReference; lastKnownFileType = file.storyboard; name = Base; path = Base.lproj/LaunchScreen.storyboard; sourceTree = "<group>"; };
		3A6D70CE252615B200E291C3 /* Info.plist */ = {isa = PBXFileReference; lastKnownFileType = text.plist.xml; path = Info.plist; sourceTree = "<group>"; };
		3A6D70D62526AA8100E291C3 /* TableViewController.swift */ = {isa = PBXFileReference; lastKnownFileType = sourcecode.swift; path = TableViewController.swift; sourceTree = "<group>"; };
/* End PBXFileReference section */

/* Begin PBXFrameworksBuildPhase section */
		3A6D70B7252615AD00E291C3 /* Frameworks */ = {
			isa = PBXFrameworksBuildPhase;
			buildActionMask = 2147483647;
			files = (
			);
			runOnlyForDeploymentPostprocessing = 0;
		};
/* End PBXFrameworksBuildPhase section */

/* Begin PBXGroup section */
		3A6D70B1252615AD00E291C3 = {
			isa = PBXGroup;
			children = (
				3A6D70BC252615AD00E291C3 /* MAD157Module7TableViewExercisesKarenM */,
				3A6D70BB252615AD00E291C3 /* Products */,
			);
			sourceTree = "<group>";
		};
		3A6D70BB252615AD00E291C3 /* Products */ = {
			isa = PBXGroup;
			children = (
				3A6D70BA252615AD00E291C3 /* MAD157Module7TableViewExercisesKarenM.app */,
			);
			name = Products;
			sourceTree = "<group>";
		};
		3A6D70BC252615AD00E291C3 /* MAD157Module7TableViewExercisesKarenM */ = {
			isa = PBXGroup;
			children = (
				3A6D70BD252615AD00E291C3 /* AppDelegate.swift */,
				3A6D70BF252615AD00E291C3 /* SceneDelegate.swift */,
				3A6D70D62526AA8100E291C3 /* TableViewController.swift */,
				3A6D70C3252615AD00E291C3 /* Main.storyboard */,
				3A6D70C9252615B200E291C3 /* Assets.xcassets */,
				3A6D70CB252615B200E291C3 /* LaunchScreen.storyboard */,
				3A6D70CE252615B200E291C3 /* Info.plist */,
				3A6D70C6252615AD00E291C3 /* MAD157Module7TableViewExercisesKarenM.xcdatamodeld */,
			);
			path = MAD157Module7TableViewExercisesKarenM;
			sourceTree = "<group>";
		};
/* End PBXGroup section */

/* Begin PBXNativeTarget section */
		3A6D70B9252615AD00E291C3 /* MAD157Module7TableViewExercisesKarenM */ = {
			isa = PBXNativeTarget;
			buildConfigurationList = 3A6D70D1252615B200E291C3 /* Build configuration list for PBXNativeTarget "MAD157Module7TableViewExercisesKarenM" */;
			buildPhases = (
				3A6D70B6252615AD00E291C3 /* Sources */,
				3A6D70B7252615AD00E291C3 /* Frameworks */,
				3A6D70B8252615AD00E291C3 /* Resources */,
			);
			buildRules = (
			);
			dependencies = (
			);
			name = MAD157Module7TableViewExercisesKarenM;
			productName = MAD157Module7TableViewExercisesKarenM;
			productReference = 3A6D70BA252615AD00E291C3 /* MAD157Module7TableViewExercisesKarenM.app */;
			productType = "com.apple.product-type.application";
		};
/* End PBXNativeTarget section */

/* Begin PBXProject section */
		3A6D70B2252615AD00E291C3 /* Project object */ = {
			isa = PBXProject;
			attributes = {
				LastSwiftUpdateCheck = 1160;
				LastUpgradeCheck = 1160;
				ORGANIZATIONNAME = "TygerMatrix Software";
				TargetAttributes = {
					3A6D70B9252615AD00E291C3 = {
						CreatedOnToolsVersion = 11.6;
					};
				};
			};
			buildConfigurationList = 3A6D70B5252615AD00E291C3 /* Build configuration list for PBXProject "MAD157Module7TableViewExercisesKarenM" */;
			compatibilityVersion = "Xcode 9.3";
			developmentRegion = en;
			hasScannedForEncodings = 0;
			knownRegions = (
				en,
				Base,
			);
			mainGroup = 3A6D70B1252615AD00E291C3;
			productRefGroup = 3A6D70BB252615AD00E291C3 /* Products */;
			projectDirPath = "";
			projectRoot = "";
			targets = (
				3A6D70B9252615AD00E291C3 /* MAD157Module7TableViewExercisesKarenM */,
			);
		};
/* End PBXProject section */

/* Begin PBXResourcesBuildPhase section */
		3A6D70B8252615AD00E291C3 /* Resources */ = {
			isa = PBXResourcesBuildPhase;
			buildActionMask = 2147483647;
			files = (
				3A6D70CD252615B200E291C3 /* LaunchScreen.storyboard in Resources */,
				3A6D70CA252615B200E291C3 /* Assets.xcassets in Resources */,
				3A6D70C5252615AD00E291C3 /* Main.storyboard in Resources */,
			);
			runOnlyForDeploymentPostprocessing = 0;
		};
/* End PBXResourcesBuildPhase section */

/* Begin PBXSourcesBuildPhase section */
		3A6D70B6252615AD00E291C3 /* Sources */ = {
			isa = PBXSourcesBuildPhase;
			buildActionMask = 2147483647;
			files = (
				3A6D70BE252615AD00E291C3 /* AppDelegate.swift in Sources */,
				3A6D70C8252615AD00E291C3 /* MAD157Module7TableViewExercisesKarenM.xcdatamodeld in Sources */,
				3A6D70C0252615AD00E291C3 /* SceneDelegate.swift in Sources */,
				3A6D70D72526AA8100E291C3 /* TableViewController.swift in Sources */,
			);
			runOnlyForDeploymentPostprocessing = 0;
		};
/* End PBXSourcesBuildPhase section */

/* Begin PBXVariantGroup section */
		3A6D70C3252615AD00E291C3 /* Main.storyboard */ = {
			isa = PBXVariantGroup;
			children = (
				3A6D70C4252615AD00E291C3 /* Base */,
			);
			name = Main.storyboard;
			sourceTree = "<group>";
		};
		3A6D70CB252615B200E291C3 /* LaunchScreen.storyboard */ = {
			isa = PBXVariantGroup;
			children = (
				3A6D70CC252615B200E291C3 /* Base */,
			);
			name = LaunchScreen.storyboard;
			sourceTree = "<group>";
		};
/* End PBXVariantGroup section */

/* Begin XCBuildConfiguration section */
		3A6D70CF252615B200E291C3 /* Debug */ = {
			isa = XCBuildConfiguration;
			buildSettings = {
				ALWAYS_SEARCH_USER_PATHS = NO;
				CLANG_ANALYZER_NONNULL = YES;
				CLANG_ANALYZER_NUMBER_OBJECT_CONVERSION = YES_AGGRESSIVE;
				CLANG_CXX_LANGUAGE_STANDARD = "gnu++14";
				CLANG_CXX_LIBRARY = "libc++";
				CLANG_ENABLE_MODULES = YES;
				CLANG_ENABLE_OBJC_ARC = YES;
				CLANG_ENABLE_OBJC_WEAK = YES;
				CLANG_WARN_BLOCK_CAPTURE_AUTORELEASING = YES;
				CLANG_WARN_BOOL_CONVERSION = YES;
				CLANG_WARN_COMMA = YES;
				CLANG_WARN_CONSTANT_CONVERSION = YES;
				CLANG_WARN_DEPRECATED_OBJC_IMPLEMENTATIONS = YES;
				CLANG_WARN_DIRECT_OBJC_ISA_USAGE = YES_ERROR;
				CLANG_WARN_DOCUMENTATION_COMMENTS = YES;
				CLANG_WARN_EMPTY_BODY = YES;
				CLANG_WARN_ENUM_CONVERSION = YES;
				CLANG_WARN_INFINITE_RECURSION = YES;
				CLANG_WARN_INT_CONVERSION = YES;
				CLANG_WARN_NON_LITERAL_NULL_CONVERSION = YES;
				CLANG_WARN_OBJC_IMPLICIT_RETAIN_SELF = YES;
				CLANG_WARN_OBJC_LITERAL_CONVERSION = YES;
				CLANG_WARN_OBJC_ROOT_CLASS = YES_ERROR;
				CLANG_WARN_RANGE_LOOP_ANALYSIS = YES;
				CLANG_WARN_STRICT_PROTOTYPES = YES;
				CLANG_WARN_SUSPICIOUS_MOVE = YES;
				CLANG_WARN_UNGUARDED_AVAILABILITY = YES_AGGRESSIVE;
				CLANG_WARN_UNREACHABLE_CODE = YES;
				CLANG_WARN__DUPLICATE_METHOD_MATCH = YES;
				COPY_PHASE_STRIP = NO;
				DEBUG_INFORMATION_FORMAT = dwarf;
				ENABLE_STRICT_OBJC_MSGSEND = YES;
				ENABLE_TESTABILITY = YES;
				GCC_C_LANGUAGE_STANDARD = gnu11;
				GCC_DYNAMIC_NO_PIC = NO;
				GCC_NO_COMMON_BLOCKS = YES;
				GCC_OPTIMIZATION_LEVEL = 0;
				GCC_PREPROCESSOR_DEFINITIONS = (
					"DEBUG=1",
					"$(inherited)",
				);
				GCC_WARN_64_TO_32_BIT_CONVERSION = YES;
				GCC_WARN_ABOUT_RETURN_TYPE = YES_ERROR;
				GCC_WARN_UNDECLARED_SELECTOR = YES;
				GCC_WARN_UNINITIALIZED_AUTOS = YES_AGGRESSIVE;
				GCC_WARN_UNUSED_FUNCTION = YES;
				GCC_WARN_UNUSED_VARIABLE = YES;
				IPHONEOS_DEPLOYMENT_TARGET = 13.6;
				MTL_ENABLE_DEBUG_INFO = INCLUDE_SOURCE;
				MTL_FAST_MATH = YES;
				ONLY_ACTIVE_ARCH = YES;
				SDKROOT = iphoneos;
				SWIFT_ACTIVE_COMPILATION_CONDITIONS = DEBUG;
				SWIFT_OPTIMIZATION_LEVEL = "-Onone";
			};
			name = Debug;
		};
		3A6D70D0252615B200E291C3 /* Release */ = {
			isa = XCBuildConfiguration;
			buildSettings = {
				ALWAYS_SEARCH_USER_PATHS = NO;
				CLANG_ANALYZER_NONNULL = YES;
				CLANG_ANALYZER_NUMBER_OBJECT_CONVERSION = YES_AGGRESSIVE;
				CLANG_CXX_LANGUAGE_STANDARD = "gnu++14";
				CLANG_CXX_LIBRARY = "libc++";
				CLANG_ENABLE_MODULES = YES;
				CLANG_ENABLE_OBJC_ARC = YES;
				CLANG_ENABLE_OBJC_WEAK = YES;
				CLANG_WARN_BLOCK_CAPTURE_AUTORELEASING = YES;
				CLANG_WARN_BOOL_CONVERSION = YES;
				CLANG_WARN_COMMA = YES;
				CLANG_WARN_CONSTANT_CONVERSION = YES;
				CLANG_WARN_DEPRECATED_OBJC_IMPLEMENTATIONS = YES;
				CLANG_WARN_DIRECT_OBJC_ISA_USAGE = YES_ERROR;
				CLANG_WARN_DOCUMENTATION_COMMENTS = YES;
				CLANG_WARN_EMPTY_BODY = YES;
				CLANG_WARN_ENUM_CONVERSION = YES;
				CLANG_WARN_INFINITE_RECURSION = YES;
				CLANG_WARN_INT_CONVERSION = YES;
				CLANG_WARN_NON_LITERAL_NULL_CONVERSION = YES;
				CLANG_WARN_OBJC_IMPLICIT_RETAIN_SELF = YES;
				CLANG_WARN_OBJC_LITERAL_CONVERSION = YES;
				CLANG_WARN_OBJC_ROOT_CLASS = YES_ERROR;
				CLANG_WARN_RANGE_LOOP_ANALYSIS = YES;
				CLANG_WARN_STRICT_PROTOTYPES = YES;
				CLANG_WARN_SUSPICIOUS_MOVE = YES;
				CLANG_WARN_UNGUARDED_AVAILABILITY = YES_AGGRESSIVE;
				CLANG_WARN_UNREACHABLE_CODE = YES;
				CLANG_WARN__DUPLICATE_METHOD_MATCH = YES;
				COPY_PHASE_STRIP = NO;
				DEBUG_INFORMATION_FORMAT = "dwarf-with-dsym";
				ENABLE_NS_ASSERTIONS = NO;
				ENABLE_STRICT_OBJC_MSGSEND = YES;
				GCC_C_LANGUAGE_STANDARD = gnu11;
				GCC_NO_COMMON_BLOCKS = YES;
				GCC_WARN_64_TO_32_BIT_CONVERSION = YES;
				GCC_WARN_ABOUT_RETURN_TYPE = YES_ERROR;
				GCC_WARN_UNDECLARED_SELECTOR = YES;
				GCC_WARN_UNINITIALIZED_AUTOS = YES_AGGRESSIVE;
				GCC_WARN_UNUSED_FUNCTION = YES;
				GCC_WARN_UNUSED_VARIABLE = YES;
				IPHONEOS_DEPLOYMENT_TARGET = 13.6;
				MTL_ENABLE_DEBUG_INFO = NO;
				MTL_FAST_MATH = YES;
				SDKROOT = iphoneos;
				SWIFT_COMPILATION_MODE = wholemodule;
				SWIFT_OPTIMIZATION_LEVEL = "-O";
				VALIDATE_PRODUCT = YES;
			};
			name = Release;
		};
		3A6D70D2252615B200E291C3 /* Debug */ = {
			isa = XCBuildConfiguration;
			buildSettings = {
				ASSETCATALOG_COMPILER_APPICON_NAME = AppIcon;
				CODE_SIGN_STYLE = Automatic;
				INFOPLIST_FILE = MAD157Module7TableViewExercisesKarenM/Info.plist;
				LD_RUNPATH_SEARCH_PATHS = (
					"$(inherited)",
					"@executable_path/Frameworks",
				);
				PRODUCT_BUNDLE_IDENTIFIER = com.TygerMatrix.MAD157Module7TableViewExercisesKarenM;
				PRODUCT_NAME = "$(TARGET_NAME)";
				SWIFT_VERSION = 5.0;
				TARGETED_DEVICE_FAMILY = "1,2";
			};
			name = Debug;
		};
		3A6D70D3252615B200E291C3 /* Release */ = {
			isa = XCBuildConfiguration;
			buildSettings = {
				ASSETCATALOG_COMPILER_APPICON_NAME = AppIcon;
				CODE_SIGN_STYLE = Automatic;
				INFOPLIST_FILE = MAD157Module7TableViewExercisesKarenM/Info.plist;
				LD_RUNPATH_SEARCH_PATHS = (
					"$(inherited)",
					"@executable_path/Frameworks",
				);
				PRODUCT_BUNDLE_IDENTIFIER = com.TygerMatrix.MAD157Module7TableViewExercisesKarenM;
				PRODUCT_NAME = "$(TARGET_NAME)";
				SWIFT_VERSION = 5.0;
				TARGETED_DEVICE_FAMILY = "1,2";
			};
			name = Release;
		};
/* End XCBuildConfiguration section */

/* Begin XCConfigurationList section */
		3A6D70B5252615AD00E291C3 /* Build configuration list for PBXProject "MAD157Module7TableViewExercisesKarenM" */ = {
			isa = XCConfigurationList;
			buildConfigurations = (
				3A6D70CF252615B200E291C3 /* Debug */,
				3A6D70D0252615B200E291C3 /* Release */,
			);
			defaultConfigurationIsVisible = 0;
			defaultConfigurationName = Release;
		};
		3A6D70D1252615B200E291C3 /* Build configuration list for PBXNativeTarget "MAD157Module7TableViewExercisesKarenM" */ = {
			isa = XCConfigurationList;
			buildConfigurations = (
				3A6D70D2252615B200E291C3 /* Debug */,
				3A6D70D3252615B200E291C3 /* Release */,
			);
			defaultConfigurationIsVisible = 0;
			defaultConfigurationName = Release;
		};
/* End XCConfigurationList section */

/* Begin XCVersionGroup section */
		3A6D70C6252615AD00E291C3 /* MAD157Module7TableViewExercisesKarenM.xcdatamodeld */ = {
			isa = XCVersionGroup;
			children = (
				3A6D70C7252615AD00E291C3 /* MAD157Module7TableViewExercisesKarenM.xcdatamodel */,
			);
			currentVersion = 3A6D70C7252615AD00E291C3 /* MAD157Module7TableViewExercisesKarenM.xcdatamodel */;
			path = MAD157Module7TableViewExercisesKarenM.xcdatamodeld;
			sourceTree = "<group>";
			versionGroupType = wrapper.xcdatamodel;
		};
/* End XCVersionGroup section */
	};
	rootObject = 3A6D70B2252615AD00E291C3 /* Project object */;
}
